// !$*UTF8*$!
{
	archiveVersion = 1;
	classes = {
	};
	objectVersion = 77;
	objects = {

/* Begin PBXContainerItemProxy section */
		AE4B177D2D347EA500B8DB25 /* PBXContainerItemProxy */ = {
			isa = PBXContainerItemProxy;
			containerPortal = AE4B17642D347EA300B8DB25 /* Project object */;
			proxyType = 1;
			remoteGlobalIDString = AE4B176B2D347EA300B8DB25;
			remoteInfo = PPTAMinimal;
		};
		AE4B17872D347EA500B8DB25 /* PBXContainerItemProxy */ = {
			isa = PBXContainerItemProxy;
			containerPortal = AE4B17642D347EA300B8DB25 /* Project object */;
			proxyType = 1;
			remoteGlobalIDString = AE4B176B2D347EA300B8DB25;
			remoteInfo = PPTAMinimal;
		};
/* End PBXContainerItemProxy section */

/* Begin PBXFileReference section */
		AE4B176C2D347EA300B8DB25 /* PPTAMinimal.app */ = {isa = PBXFileReference; explicitFileType = wrapper.application; includeInIndex = 0; path = PPTAMinimal.app; sourceTree = BUILT_PRODUCTS_DIR; };
		AE4B177C2D347EA500B8DB25 /* PPTAMinimalTests.xctest */ = {isa = PBXFileReference; explicitFileType = wrapper.cfbundle; includeInIndex = 0; path = PPTAMinimalTests.xctest; sourceTree = BUILT_PRODUCTS_DIR; };
		AE4B17862D347EA500B8DB25 /* PPTAMinimalUITests.xctest */ = {isa = PBXFileReference; explicitFileType = wrapper.cfbundle; includeInIndex = 0; path = PPTAMinimalUITests.xctest; sourceTree = BUILT_PRODUCTS_DIR; };
/* End PBXFileReference section */

/* Begin PBXFileSystemSynchronizedRootGroup section */
		AE4B176E2D347EA300B8DB25 /* PPTAMinimal */ = {
			isa = PBXFileSystemSynchronizedRootGroup;
			path = PPTAMinimal;
			sourceTree = "<group>";
		};
		AE4B177F2D347EA500B8DB25 /* PPTAMinimalTests */ = {
			isa = PBXFileSystemSynchronizedRootGroup;
			path = PPTAMinimalTests;
			sourceTree = "<group>";
		};
		AE4B17892D347EA500B8DB25 /* PPTAMinimalUITests */ = {
			isa = PBXFileSystemSynchronizedRootGroup;
			path = PPTAMinimalUITests;
			sourceTree = "<group>";
		};
/* End PBXFileSystemSynchronizedRootGroup section */

/* Begin PBXFrameworksBuildPhase section */
		AE4B17692D347EA300B8DB25 /* Frameworks */ = {
			isa = PBXFrameworksBuildPhase;
			buildActionMask = 2147483647;
			files = (
			);
			runOnlyForDeploymentPostprocessing = 0;
		};
		AE4B17792D347EA500B8DB25 /* Frameworks */ = {
			isa = PBXFrameworksBuildPhase;
			buildActionMask = 2147483647;
			files = (
			);
			runOnlyForDeploymentPostprocessing = 0;
		};
		AE4B17832D347EA500B8DB25 /* Frameworks */ = {
			isa = PBXFrameworksBuildPhase;
			buildActionMask = 2147483647;
			files = (
			);
			runOnlyForDeploymentPostprocessing = 0;
		};
/* End PBXFrameworksBuildPhase section */

/* Begin PBXGroup section */
		AE4B17632D347EA300B8DB25 = {
			isa = PBXGroup;
			children = (
				AE4B176E2D347EA300B8DB25 /* PPTAMinimal */,
				AE4B177F2D347EA500B8DB25 /* PPTAMinimalTests */,
				AE4B17892D347EA500B8DB25 /* PPTAMinimalUITests */,
				AE4B176D2D347EA300B8DB25 /* Products */,
			);
			sourceTree = "<group>";
		};
		AE4B176D2D347EA300B8DB25 /* Products */ = {
			isa = PBXGroup;
			children = (
				AE4B176C2D347EA300B8DB25 /* PPTAMinimal.app */,
				AE4B177C2D347EA500B8DB25 /* PPTAMinimalTests.xctest */,
				AE4B17862D347EA500B8DB25 /* PPTAMinimalUITests.xctest */,
			);
			name = Products;
			sourceTree = "<group>";
		};
/* End PBXGroup section */

/* Begin PBXNativeTarget section */
		AE4B176B2D347EA300B8DB25 /* PPTAMinimal */ = {
			isa = PBXNativeTarget;
			buildConfigurationList = AE4B17902D347EA500B8DB25 /* Build configuration list for PBXNativeTarget "PPTAMinimal" */;
			buildPhases = (
				AE4B17682D347EA300B8DB25 /* Sources */,
				AE4B17692D347EA300B8DB25 /* Frameworks */,
				AE4B176A2D347EA300B8DB25 /* Resources */,
			);
			buildRules = (
			);
			dependencies = (
			);
			fileSystemSynchronizedGroups = (
				AE4B176E2D347EA300B8DB25 /* PPTAMinimal */,
			);
			name = PPTAMinimal;
			packageProductDependencies = (
			);
			productName = PPTAMinimal;
			productReference = AE4B176C2D347EA300B8DB25 /* PPTAMinimal.app */;
			productType = "com.apple.product-type.application";
		};
		AE4B177B2D347EA500B8DB25 /* PPTAMinimalTests */ = {
			isa = PBXNativeTarget;
			buildConfigurationList = AE4B17932D347EA500B8DB25 /* Build configuration list for PBXNativeTarget "PPTAMinimalTests" */;
			buildPhases = (
				AE4B17782D347EA500B8DB25 /* Sources */,
				AE4B17792D347EA500B8DB25 /* Frameworks */,
				AE4B177A2D347EA500B8DB25 /* Resources */,
			);
			buildRules = (
			);
			dependencies = (
				AE4B177E2D347EA500B8DB25 /* PBXTargetDependency */,
			);
			fileSystemSynchronizedGroups = (
				AE4B177F2D347EA500B8DB25 /* PPTAMinimalTests */,
			);
			name = PPTAMinimalTests;
			packageProductDependencies = (
			);
			productName = PPTAMinimalTests;
			productReference = AE4B177C2D347EA500B8DB25 /* PPTAMinimalTests.xctest */;
			productType = "com.apple.product-type.bundle.unit-test";
		};
		AE4B17852D347EA500B8DB25 /* PPTAMinimalUITests */ = {
			isa = PBXNativeTarget;
			buildConfigurationList = AE4B17962D347EA500B8DB25 /* Build configuration list for PBXNativeTarget "PPTAMinimalUITests" */;
			buildPhases = (
				AE4B17822D347EA500B8DB25 /* Sources */,
				AE4B17832D347EA500B8DB25 /* Frameworks */,
				AE4B17842D347EA500B8DB25 /* Resources */,
			);
			buildRules = (
			);
			dependencies = (
				AE4B17882D347EA500B8DB25 /* PBXTargetDependency */,
			);
			fileSystemSynchronizedGroups = (
				AE4B17892D347EA500B8DB25 /* PPTAMinimalUITests */,
			);
			name = PPTAMinimalUITests;
			packageProductDependencies = (
			);
			productName = PPTAMinimalUITests;
			productReference = AE4B17862D347EA500B8DB25 /* PPTAMinimalUITests.xctest */;
			productType = "com.apple.product-type.bundle.ui-testing";
		};
/* End PBXNativeTarget section */

/* Begin PBXProject section */
		AE4B17642D347EA300B8DB25 /* Project object */ = {
			isa = PBXProject;
			attributes = {
				BuildIndependentTargetsInParallel = 1;
				LastSwiftUpdateCheck = 1620;
				LastUpgradeCheck = 1620;
				TargetAttributes = {
					AE4B176B2D347EA300B8DB25 = {
						CreatedOnToolsVersion = 16.2;
					};
					AE4B177B2D347EA500B8DB25 = {
						CreatedOnToolsVersion = 16.2;
						TestTargetID = AE4B176B2D347EA300B8DB25;
					};
					AE4B17852D347EA500B8DB25 = {
						CreatedOnToolsVersion = 16.2;
						TestTargetID = AE4B176B2D347EA300B8DB25;
					};
				};
			};
			buildConfigurationList = AE4B17672D347EA300B8DB25 /* Build configuration list for PBXProject "PPTAMinimal" */;
			developmentRegion = en;
			hasScannedForEncodings = 0;
			knownRegions = (
				en,
				Base,
			);
			mainGroup = AE4B17632D347EA300B8DB25;
			minimizedProjectReferenceProxies = 1;
			preferredProjectObjectVersion = 77;
			productRefGroup = AE4B176D2D347EA300B8DB25 /* Products */;
			projectDirPath = "";
			projectRoot = "";
			targets = (
				AE4B176B2D347EA300B8DB25 /* PPTAMinimal */,
				AE4B177B2D347EA500B8DB25 /* PPTAMinimalTests */,
				AE4B17852D347EA500B8DB25 /* PPTAMinimalUITests */,
			);
		};
/* End PBXProject section */

/* Begin PBXResourcesBuildPhase section */
		AE4B176A2D347EA300B8DB25 /* Resources */ = {
			isa = PBXResourcesBuildPhase;
			buildActionMask = 2147483647;
			files = (
			);
			runOnlyForDeploymentPostprocessing = 0;
		};
		AE4B177A2D347EA500B8DB25 /* Resources */ = {
			isa = PBXResourcesBuildPhase;
			buildActionMask = 2147483647;
			files = (
			);
			runOnlyForDeploymentPostprocessing = 0;
		};
		AE4B17842D347EA500B8DB25 /* Resources */ = {
			isa = PBXResourcesBuildPhase;
			buildActionMask = 2147483647;
			files = (
			);
			runOnlyForDeploymentPostprocessing = 0;
		};
/* End PBXResourcesBuildPhase section */

/* Begin PBXSourcesBuildPhase section */
		AE4B17682D347EA300B8DB25 /* Sources */ = {
			isa = PBXSourcesBuildPhase;
			buildActionMask = 2147483647;
			files = (
			);
			runOnlyForDeploymentPostprocessing = 0;
		};
		AE4B17782D347EA500B8DB25 /* Sources */ = {
			isa = PBXSourcesBuildPhase;
			buildActionMask = 2147483647;
			files = (
			);
			runOnlyForDeploymentPostprocessing = 0;
		};
		AE4B17822D347EA500B8DB25 /* Sources */ = {
			isa = PBXSourcesBuildPhase;
			buildActionMask = 2147483647;
			files = (
			);
			runOnlyForDeploymentPostprocessing = 0;
		};
/* End PBXSourcesBuildPhase section */

/* Begin PBXTargetDependency section */
		AE4B177E2D347EA500B8DB25 /* PBXTargetDependency */ = {
			isa = PBXTargetDependency;
			target = AE4B176B2D347EA300B8DB25 /* PPTAMinimal */;
			targetProxy = AE4B177D2D347EA500B8DB25 /* PBXContainerItemProxy */;
		};
		AE4B17882D347EA500B8DB25 /* PBXTargetDependency */ = {
			isa = PBXTargetDependency;
			target = AE4B176B2D347EA300B8DB25 /* PPTAMinimal */;
			targetProxy = AE4B17872D347EA500B8DB25 /* PBXContainerItemProxy */;
		};
/* End PBXTargetDependency section */

/* Begin XCBuildConfiguration section */
		AE4B178E2D347EA500B8DB25 /* Debug */ = {
			isa = XCBuildConfiguration;
			buildSettings = {
				ALWAYS_SEARCH_USER_PATHS = NO;
				ASSETCATALOG_COMPILER_GENERATE_SWIFT_ASSET_SYMBOL_EXTENSIONS = YES;
				CLANG_ANALYZER_NONNULL = YES;
				CLANG_ANALYZER_NUMBER_OBJECT_CONVERSION = YES_AGGRESSIVE;
				CLANG_CXX_LANGUAGE_STANDARD = "gnu++20";
				CLANG_ENABLE_MODULES = YES;
				CLANG_ENABLE_OBJC_ARC = YES;
				CLANG_ENABLE_OBJC_WEAK = YES;
				CLANG_WARN_BLOCK_CAPTURE_AUTORELEASING = YES;
				CLANG_WARN_BOOL_CONVERSION = YES;
				CLANG_WARN_COMMA = YES;
				CLANG_WARN_CONSTANT_CONVERSION = YES;
				CLANG_WARN_DEPRECATED_OBJC_IMPLEMENTATIONS = YES;
				CLANG_WARN_DIRECT_OBJC_ISA_USAGE = YES_ERROR;
				CLANG_WARN_DOCUMENTATION_COMMENTS = YES;
				CLANG_WARN_EMPTY_BODY = YES;
				CLANG_WARN_ENUM_CONVERSION = YES;
				CLANG_WARN_INFINITE_RECURSION = YES;
				CLANG_WARN_INT_CONVERSION = YES;
				CLANG_WARN_NON_LITERAL_NULL_CONVERSION = YES;
				CLANG_WARN_OBJC_IMPLICIT_RETAIN_SELF = YES;
				CLANG_WARN_OBJC_LITERAL_CONVERSION = YES;
				CLANG_WARN_OBJC_ROOT_CLASS = YES_ERROR;
				CLANG_WARN_QUOTED_INCLUDE_IN_FRAMEWORK_HEADER = YES;
				CLANG_WARN_RANGE_LOOP_ANALYSIS = YES;
				CLANG_WARN_STRICT_PROTOTYPES = YES;
				CLANG_WARN_SUSPICIOUS_MOVE = YES;
				CLANG_WARN_UNGUARDED_AVAILABILITY = YES_AGGRESSIVE;
				CLANG_WARN_UNREACHABLE_CODE = YES;
				CLANG_WARN__DUPLICATE_METHOD_MATCH = YES;
				COPY_PHASE_STRIP = NO;
				DEBUG_INFORMATION_FORMAT = dwarf;
				ENABLE_STRICT_OBJC_MSGSEND = YES;
				ENABLE_TESTABILITY = YES;
				ENABLE_USER_SCRIPT_SANDBOXING = YES;
				GCC_C_LANGUAGE_STANDARD = gnu17;
				GCC_DYNAMIC_NO_PIC = NO;
				GCC_NO_COMMON_BLOCKS = YES;
				GCC_OPTIMIZATION_LEVEL = 0;
				GCC_PREPROCESSOR_DEFINITIONS = (
					"DEBUG=1",
					"$(inherited)",
				);
				GCC_WARN_64_TO_32_BIT_CONVERSION = YES;
				GCC_WARN_ABOUT_RETURN_TYPE = YES_ERROR;
				GCC_WARN_UNDECLARED_SELECTOR = YES;
				GCC_WARN_UNINITIALIZED_AUTOS = YES_AGGRESSIVE;
				GCC_WARN_UNUSED_FUNCTION = YES;
				GCC_WARN_UNUSED_VARIABLE = YES;
				IPHONEOS_DEPLOYMENT_TARGET = 18.2;
				LOCALIZATION_PREFERS_STRING_CATALOGS = YES;
				MTL_ENABLE_DEBUG_INFO = INCLUDE_SOURCE;
				MTL_FAST_MATH = YES;
				ONLY_ACTIVE_ARCH = YES;
				SDKROOT = iphoneos;
				SWIFT_ACTIVE_COMPILATION_CONDITIONS = "DEBUG $(inherited)";
				SWIFT_OPTIMIZATION_LEVEL = "-Onone";
			};
			name = Debug;
		};
		AE4B178F2D347EA500B8DB25 /* Release */ = {
			isa = XCBuildConfiguration;
			buildSettings = {
				ALWAYS_SEARCH_USER_PATHS = NO;
				ASSETCATALOG_COMPILER_GENERATE_SWIFT_ASSET_SYMBOL_EXTENSIONS = YES;
				CLANG_ANALYZER_NONNULL = YES;
				CLANG_ANALYZER_NUMBER_OBJECT_CONVERSION = YES_AGGRESSIVE;
				CLANG_CXX_LANGUAGE_STANDARD = "gnu++20";
				CLANG_ENABLE_MODULES = YES;
				CLANG_ENABLE_OBJC_ARC = YES;
				CLANG_ENABLE_OBJC_WEAK = YES;
				CLANG_WARN_BLOCK_CAPTURE_AUTORELEASING = YES;
				CLANG_WARN_BOOL_CONVERSION = YES;
				CLANG_WARN_COMMA = YES;
				CLANG_WARN_CONSTANT_CONVERSION = YES;
				CLANG_WARN_DEPRECATED_OBJC_IMPLEMENTATIONS = YES;
				CLANG_WARN_DIRECT_OBJC_ISA_USAGE = YES_ERROR;
				CLANG_WARN_DOCUMENTATION_COMMENTS = YES;
				CLANG_WARN_EMPTY_BODY = YES;
				CLANG_WARN_ENUM_CONVERSION = YES;
				CLANG_WARN_INFINITE_RECURSION = YES;
				CLANG_WARN_INT_CONVERSION = YES;
				CLANG_WARN_NON_LITERAL_NULL_CONVERSION = YES;
				CLANG_WARN_OBJC_IMPLICIT_RETAIN_SELF = YES;
				CLANG_WARN_OBJC_LITERAL_CONVERSION = YES;
				CLANG_WARN_OBJC_ROOT_CLASS = YES_ERROR;
				CLANG_WARN_QUOTED_INCLUDE_IN_FRAMEWORK_HEADER = YES;
				CLANG_WARN_RANGE_LOOP_ANALYSIS = YES;
				CLANG_WARN_STRICT_PROTOTYPES = YES;
				CLANG_WARN_SUSPICIOUS_MOVE = YES;
				CLANG_WARN_UNGUARDED_AVAILABILITY = YES_AGGRESSIVE;
				CLANG_WARN_UNREACHABLE_CODE = YES;
				CLANG_WARN__DUPLICATE_METHOD_MATCH = YES;
				COPY_PHASE_STRIP = NO;
				DEBUG_INFORMATION_FORMAT = "dwarf-with-dsym";
				ENABLE_NS_ASSERTIONS = NO;
				ENABLE_STRICT_OBJC_MSGSEND = YES;
				ENABLE_USER_SCRIPT_SANDBOXING = YES;
				GCC_C_LANGUAGE_STANDARD = gnu17;
				GCC_NO_COMMON_BLOCKS = YES;
				GCC_WARN_64_TO_32_BIT_CONVERSION = YES;
				GCC_WARN_ABOUT_RETURN_TYPE = YES_ERROR;
				GCC_WARN_UNDECLARED_SELECTOR = YES;
				GCC_WARN_UNINITIALIZED_AUTOS = YES_AGGRESSIVE;
				GCC_WARN_UNUSED_FUNCTION = YES;
				GCC_WARN_UNUSED_VARIABLE = YES;
				IPHONEOS_DEPLOYMENT_TARGET = 18.2;
				LOCALIZATION_PREFERS_STRING_CATALOGS = YES;
				MTL_ENABLE_DEBUG_INFO = NO;
				MTL_FAST_MATH = YES;
				SDKROOT = iphoneos;
				SWIFT_COMPILATION_MODE = wholemodule;
				VALIDATE_PRODUCT = YES;
			};
			name = Release;
		};
		AE4B17912D347EA500B8DB25 /* Debug */ = {
			isa = XCBuildConfiguration;
			buildSettings = {
				ASSETCATALOG_COMPILER_APPICON_NAME = AppIcon;
				ASSETCATALOG_COMPILER_GLOBAL_ACCENT_COLOR_NAME = AccentColor;
				CODE_SIGN_STYLE = Automatic;
				CURRENT_PROJECT_VERSION = 1;
				DEVELOPMENT_ASSET_PATHS = "\"PPTAMinimal/Preview Content\"";
				DEVELOPMENT_TEAM = FTF69APMQ4;
				ENABLE_PREVIEWS = YES;
				GENERATE_INFOPLIST_FILE = YES;
				INFOPLIST_KEY_UIApplicationSceneManifest_Generation = YES;
				INFOPLIST_KEY_UIApplicationSupportsIndirectInputEvents = YES;
				INFOPLIST_KEY_UILaunchScreen_Generation = YES;
				INFOPLIST_KEY_UISupportedInterfaceOrientations_iPad = "UIInterfaceOrientationPortrait UIInterfaceOrientationPortraitUpsideDown UIInterfaceOrientationLandscapeLeft UIInterfaceOrientationLandscapeRight";
				INFOPLIST_KEY_UISupportedInterfaceOrientations_iPhone = "UIInterfaceOrientationPortrait UIInterfaceOrientationLandscapeLeft UIInterfaceOrientationLandscapeRight";
				LD_RUNPATH_SEARCH_PATHS = (
					"$(inherited)",
					"@executable_path/Frameworks",
				);
				MARKETING_VERSION = 1.0;
				PRODUCT_BUNDLE_IDENTIFIER = com.sungbinyun.com.PPTAMinimal;
				PRODUCT_NAME = "$(TARGET_NAME)";
				SWIFT_EMIT_LOC_STRINGS = YES;
				SWIFT_VERSION = 5.0;
				TARGETED_DEVICE_FAMILY = "1,2";
			};
			name = Debug;
		};
		AE4B17922D347EA500B8DB25 /* Release */ = {
			isa = XCBuildConfiguration;
			buildSettings = {
				ASSETCATALOG_COMPILER_APPICON_NAME = AppIcon;
				ASSETCATALOG_COMPILER_GLOBAL_ACCENT_COLOR_NAME = AccentColor;
				CODE_SIGN_STYLE = Automatic;
				CURRENT_PROJECT_VERSION = 1;
				DEVELOPMENT_ASSET_PATHS = "\"PPTAMinimal/Preview Content\"";
				DEVELOPMENT_TEAM = FTF69APMQ4;
				ENABLE_PREVIEWS = YES;
				GENERATE_INFOPLIST_FILE = YES;
				INFOPLIST_KEY_UIApplicationSceneManifest_Generation = YES;
				INFOPLIST_KEY_UIApplicationSupportsIndirectInputEvents = YES;
				INFOPLIST_KEY_UILaunchScreen_Generation = YES;
				INFOPLIST_KEY_UISupportedInterfaceOrientations_iPad = "UIInterfaceOrientationPortrait UIInterfaceOrientationPortraitUpsideDown UIInterfaceOrientationLandscapeLeft UIInterfaceOrientationLandscapeRight";
				INFOPLIST_KEY_UISupportedInterfaceOrientations_iPhone = "UIInterfaceOrientationPortrait UIInterfaceOrientationLandscapeLeft UIInterfaceOrientationLandscapeRight";
				LD_RUNPATH_SEARCH_PATHS = (
					"$(inherited)",
					"@executable_path/Frameworks",
				);
				MARKETING_VERSION = 1.0;
				PRODUCT_BUNDLE_IDENTIFIER = com.sungbinyun.com.PPTAMinimal;
				PRODUCT_NAME = "$(TARGET_NAME)";
				SWIFT_EMIT_LOC_STRINGS = YES;
				SWIFT_VERSION = 5.0;
				TARGETED_DEVICE_FAMILY = "1,2";
			};
			name = Release;
		};
		AE4B17942D347EA500B8DB25 /* Debug */ = {
			isa = XCBuildConfiguration;
			buildSettings = {
				BUNDLE_LOADER = "$(TEST_HOST)";
				CODE_SIGN_STYLE = Automatic;
				CURRENT_PROJECT_VERSION = 1;
				DEVELOPMENT_TEAM = FTF69APMQ4;
				GENERATE_INFOPLIST_FILE = YES;
				IPHONEOS_DEPLOYMENT_TARGET = 18.2;
				MARKETING_VERSION = 1.0;
				PRODUCT_BUNDLE_IDENTIFIER = com.sungbinyun.com.PPTAMinimalTests;
				PRODUCT_NAME = "$(TARGET_NAME)";
				SWIFT_EMIT_LOC_STRINGS = NO;
				SWIFT_VERSION = 5.0;
				TARGETED_DEVICE_FAMILY = "1,2";
				TEST_HOST = "$(BUILT_PRODUCTS_DIR)/PPTAMinimal.app/$(BUNDLE_EXECUTABLE_FOLDER_PATH)/PPTAMinimal";
			};
			name = Debug;
		};
		AE4B17952D347EA500B8DB25 /* Release */ = {
			isa = XCBuildConfiguration;
			buildSettings = {
				BUNDLE_LOADER = "$(TEST_HOST)";
				CODE_SIGN_STYLE = Automatic;
				CURRENT_PROJECT_VERSION = 1;
				DEVELOPMENT_TEAM = FTF69APMQ4;
				GENERATE_INFOPLIST_FILE = YES;
				IPHONEOS_DEPLOYMENT_TARGET = 18.2;
				MARKETING_VERSION = 1.0;
				PRODUCT_BUNDLE_IDENTIFIER = com.sungbinyun.com.PPTAMinimalTests;
				PRODUCT_NAME = "$(TARGET_NAME)";
				SWIFT_EMIT_LOC_STRINGS = NO;
				SWIFT_VERSION = 5.0;
				TARGETED_DEVICE_FAMILY = "1,2";
				TEST_HOST = "$(BUILT_PRODUCTS_DIR)/PPTAMinimal.app/$(BUNDLE_EXECUTABLE_FOLDER_PATH)/PPTAMinimal";
			};
			name = Release;
		};
		AE4B17972D347EA500B8DB25 /* Debug */ = {
			isa = XCBuildConfiguration;
			buildSettings = {
				CODE_SIGN_STYLE = Automatic;
				CURRENT_PROJECT_VERSION = 1;
				DEVELOPMENT_TEAM = FTF69APMQ4;
				GENERATE_INFOPLIST_FILE = YES;
				MARKETING_VERSION = 1.0;
				PRODUCT_BUNDLE_IDENTIFIER = com.sungbinyun.com.PPTAMinimalUITests;
				PRODUCT_NAME = "$(TARGET_NAME)";
				SWIFT_EMIT_LOC_STRINGS = NO;
				SWIFT_VERSION = 5.0;
				TARGETED_DEVICE_FAMILY = "1,2";
				TEST_TARGET_NAME = PPTAMinimal;
			};
			name = Debug;
		};
		AE4B17982D347EA500B8DB25 /* Release */ = {
			isa = XCBuildConfiguration;
			buildSettings = {
				CODE_SIGN_STYLE = Automatic;
				CURRENT_PROJECT_VERSION = 1;
				DEVELOPMENT_TEAM = FTF69APMQ4;
				GENERATE_INFOPLIST_FILE = YES;
				MARKETING_VERSION = 1.0;
				PRODUCT_BUNDLE_IDENTIFIER = com.sungbinyun.com.PPTAMinimalUITests;
				PRODUCT_NAME = "$(TARGET_NAME)";
				SWIFT_EMIT_LOC_STRINGS = NO;
				SWIFT_VERSION = 5.0;
				TARGETED_DEVICE_FAMILY = "1,2";
				TEST_TARGET_NAME = PPTAMinimal;
			};
			name = Release;
		};
/* End XCBuildConfiguration section */

/* Begin XCConfigurationList section */
		AE4B17672D347EA300B8DB25 /* Build configuration list for PBXProject "PPTAMinimal" */ = {
			isa = XCConfigurationList;
			buildConfigurations = (
				AE4B178E2D347EA500B8DB25 /* Debug */,
				AE4B178F2D347EA500B8DB25 /* Release */,
			);
			defaultConfigurationIsVisible = 0;
			defaultConfigurationName = Release;
		};
		AE4B17902D347EA500B8DB25 /* Build configuration list for PBXNativeTarget "PPTAMinimal" */ = {
			isa = XCConfigurationList;
			buildConfigurations = (
				AE4B17912D347EA500B8DB25 /* Debug */,
				AE4B17922D347EA500B8DB25 /* Release */,
			);
			defaultConfigurationIsVisible = 0;
			defaultConfigurationName = Release;
		};
		AE4B17932D347EA500B8DB25 /* Build configuration list for PBXNativeTarget "PPTAMinimalTests" */ = {
			isa = XCConfigurationList;
			buildConfigurations = (
				AE4B17942D347EA500B8DB25 /* Debug */,
				AE4B17952D347EA500B8DB25 /* Release */,
			);
			defaultConfigurationIsVisible = 0;
			defaultConfigurationName = Release;
		};
		AE4B17962D347EA500B8DB25 /* Build configuration list for PBXNativeTarget "PPTAMinimalUITests" */ = {
			isa = XCConfigurationList;
			buildConfigurations = (
				AE4B17972D347EA500B8DB25 /* Debug */,
				AE4B17982D347EA500B8DB25 /* Release */,
			);
			defaultConfigurationIsVisible = 0;
			defaultConfigurationName = Release;
		};
/* End XCConfigurationList section */
	};
	rootObject = AE4B17642D347EA300B8DB25 /* Project object */;
}
