// !$*UTF8*$!
{
	archiveVersion = 1;
	classes = {
	};
	objectVersion = 77;
	objects = {

/* Begin PBXBuildFile section */
		8A1698EE2D50714000A159CE /* FirebaseAnalytics in Frameworks */ = {isa = PBXBuildFile; productRef = 8A1698ED2D50714000A159CE /* FirebaseAnalytics */; };
		8A1698F02D50714400A159CE /* FirebaseAnalyticsOnDeviceConversion in Frameworks */ = {isa = PBXBuildFile; productRef = 8A1698EF2D50714400A159CE /* FirebaseAnalyticsOnDeviceConversion */; };
		8A1698F22D50718D00A159CE /* FirebaseAuthCombine-Community in Frameworks */ = {isa = PBXBuildFile; productRef = 8A1698F12D50718D00A159CE /* FirebaseAuthCombine-Community */; };
		8A1698F82D5072D000A159CE /* FirebaseCore in Frameworks */ = {isa = PBXBuildFile; productRef = 8A1698F72D5072D000A159CE /* FirebaseCore */; };
		8A1698FA2D5072D000A159CE /* FirebaseFirestore in Frameworks */ = {isa = PBXBuildFile; productRef = 8A1698F92D5072D000A159CE /* FirebaseFirestore */; };
		8A1698FC2D50762600A159CE /* FirebaseAuth in Frameworks */ = {isa = PBXBuildFile; productRef = 8A1698FB2D50762600A159CE /* FirebaseAuth */; };
		8AA1E25D2D4AC92E004BE02A /* FirebaseCore in Frameworks */ = {isa = PBXBuildFile; productRef = 8AA1E25C2D4AC92E004BE02A /* FirebaseCore */; };
		8AE092682D3EE8DB00F1EA5A /* FirebaseAuth in Frameworks */ = {isa = PBXBuildFile; productRef = 8AE092672D3EE8DB00F1EA5A /* FirebaseAuth */; };
		8AE0926A2D3EE8DB00F1EA5A /* FirebaseFirestore in Frameworks */ = {isa = PBXBuildFile; productRef = 8AE092692D3EE8DB00F1EA5A /* FirebaseFirestore */; };
		8AE0926C2D3EE8DB00F1EA5A /* FirebaseStorage in Frameworks */ = {isa = PBXBuildFile; productRef = 8AE0926B2D3EE8DB00F1EA5A /* FirebaseStorage */; };
		8AE092762D3EFAAB00F1EA5A /* GoogleSignIn in Frameworks */ = {isa = PBXBuildFile; productRef = 8AE092752D3EFAAB00F1EA5A /* GoogleSignIn */; };
		8AE092782D3EFAAB00F1EA5A /* GoogleSignInSwift in Frameworks */ = {isa = PBXBuildFile; productRef = 8AE092772D3EFAAB00F1EA5A /* GoogleSignInSwift */; };
		8AE0927C2D3EFD1F00F1EA5A /* .gitignore in Resources */ = {isa = PBXBuildFile; fileRef = 8AE0927B2D3EFD1F00F1EA5A /* .gitignore */; };
		AE20EB632D481E3400D27B4D /* PPTAReport.appex in Embed ExtensionKit Extensions */ = {isa = PBXBuildFile; fileRef = AE20EB572D481E3400D27B4D /* PPTAReport.appex */; settings = {ATTRIBUTES = (RemoveHeadersOnCopy, ); }; };
		AE4B17A02D347EF100B8DB25 /* DeviceActivity.framework in Frameworks */ = {isa = PBXBuildFile; fileRef = AE4B179F2D347EF100B8DB25 /* DeviceActivity.framework */; };
		AE4B17A82D347EF100B8DB25 /* AppMonitor.appex in Embed Foundation Extensions */ = {isa = PBXBuildFile; fileRef = AE4B179D2D347EF100B8DB25 /* AppMonitor.appex */; settings = {ATTRIBUTES = (RemoveHeadersOnCopy, ); }; };
/* End PBXBuildFile section */

/* Begin PBXContainerItemProxy section */
		AE20EB612D481E3400D27B4D /* PBXContainerItemProxy */ = {
			isa = PBXContainerItemProxy;
			containerPortal = AE4B17642D347EA300B8DB25 /* Project object */;
			proxyType = 1;
			remoteGlobalIDString = AE20EB562D481E3400D27B4D;
			remoteInfo = PPTAReport;
		};
		AE4B177D2D347EA500B8DB25 /* PBXContainerItemProxy */ = {
			isa = PBXContainerItemProxy;
			containerPortal = AE4B17642D347EA300B8DB25 /* Project object */;
			proxyType = 1;
			remoteGlobalIDString = AE4B176B2D347EA300B8DB25;
			remoteInfo = PPTAMinimal;
		};
		AE4B17872D347EA500B8DB25 /* PBXContainerItemProxy */ = {
			isa = PBXContainerItemProxy;
			containerPortal = AE4B17642D347EA300B8DB25 /* Project object */;
			proxyType = 1;
			remoteGlobalIDString = AE4B176B2D347EA300B8DB25;
			remoteInfo = PPTAMinimal;
		};
		AE4B17A62D347EF100B8DB25 /* PBXContainerItemProxy */ = {
			isa = PBXContainerItemProxy;
			containerPortal = AE4B17642D347EA300B8DB25 /* Project object */;
			proxyType = 1;
			remoteGlobalIDString = AE4B179C2D347EF100B8DB25;
			remoteInfo = AppMonitor;
		};
/* End PBXContainerItemProxy section */

/* Begin PBXCopyFilesBuildPhase section */
		AE4B17AD2D347EF100B8DB25 /* Embed Foundation Extensions */ = {
			isa = PBXCopyFilesBuildPhase;
			buildActionMask = 2147483647;
			dstPath = "";
			dstSubfolderSpec = 13;
			files = (
				AE4B17A82D347EF100B8DB25 /* AppMonitor.appex in Embed Foundation Extensions */,
			);
			name = "Embed Foundation Extensions";
			runOnlyForDeploymentPostprocessing = 0;
		};
		AE4B17CD2D34869800B8DB25 /* Embed ExtensionKit Extensions */ = {
			isa = PBXCopyFilesBuildPhase;
			buildActionMask = 2147483647;
			dstPath = "$(EXTENSIONS_FOLDER_PATH)";
			dstSubfolderSpec = 16;
			files = (
				AE20EB632D481E3400D27B4D /* PPTAReport.appex in Embed ExtensionKit Extensions */,
			);
			name = "Embed ExtensionKit Extensions";
			runOnlyForDeploymentPostprocessing = 0;
		};
/* End PBXCopyFilesBuildPhase section */

/* Begin PBXFileReference section */
		8AE0927B2D3EFD1F00F1EA5A /* .gitignore */ = {isa = PBXFileReference; lastKnownFileType = text; path = .gitignore; sourceTree = "<group>"; };
		AE20EB572D481E3400D27B4D /* PPTAReport.appex */ = {isa = PBXFileReference; explicitFileType = "wrapper.extensionkit-extension"; includeInIndex = 0; path = PPTAReport.appex; sourceTree = BUILT_PRODUCTS_DIR; };
		AE4B176C2D347EA300B8DB25 /* PPTAMinimal.app */ = {isa = PBXFileReference; explicitFileType = wrapper.application; includeInIndex = 0; path = PPTAMinimal.app; sourceTree = BUILT_PRODUCTS_DIR; };
		AE4B177C2D347EA500B8DB25 /* PPTAMinimalTests.xctest */ = {isa = PBXFileReference; explicitFileType = wrapper.cfbundle; includeInIndex = 0; path = PPTAMinimalTests.xctest; sourceTree = BUILT_PRODUCTS_DIR; };
		AE4B17862D347EA500B8DB25 /* PPTAMinimalUITests.xctest */ = {isa = PBXFileReference; explicitFileType = wrapper.cfbundle; includeInIndex = 0; path = PPTAMinimalUITests.xctest; sourceTree = BUILT_PRODUCTS_DIR; };
		AE4B179D2D347EF100B8DB25 /* AppMonitor.appex */ = {isa = PBXFileReference; explicitFileType = "wrapper.app-extension"; includeInIndex = 0; path = AppMonitor.appex; sourceTree = BUILT_PRODUCTS_DIR; };
		AE4B179F2D347EF100B8DB25 /* DeviceActivity.framework */ = {isa = PBXFileReference; lastKnownFileType = wrapper.framework; name = DeviceActivity.framework; path = System/Library/Frameworks/DeviceActivity.framework; sourceTree = SDKROOT; };
/* End PBXFileReference section */

/* Begin PBXFileSystemSynchronizedBuildFileExceptionSet section */
		8AE0927A2D3EFAF800F1EA5A /* Exceptions for "PPTAMinimal" folder in "PPTAMinimal" target */ = {
			isa = PBXFileSystemSynchronizedBuildFileExceptionSet;
			membershipExceptions = (
				Info.plist,
			);
			target = AE4B176B2D347EA300B8DB25 /* PPTAMinimal */;
		};
		AE20EB642D481E3400D27B4D /* Exceptions for "PPTAReport" folder in "PPTAReport" target */ = {
			isa = PBXFileSystemSynchronizedBuildFileExceptionSet;
			membershipExceptions = (
				Info.plist,
			);
			target = AE20EB562D481E3400D27B4D /* PPTAReport */;
		};
		AE4B17B62D3482D500B8DB25 /* Exceptions for "PPTAMinimal" folder in "AppMonitor" target */ = {
			isa = PBXFileSystemSynchronizedBuildFileExceptionSet;
			membershipExceptions = (
				Managers/DeviceActivityManager.swift,
				Managers/NotificationManager.swift,
				Managers/UserSettingsManager.swift,
				Models/User.swift,
				Models/UserSettings.swift,
				Services/FirestoreService.swift,
			);
			target = AE4B179C2D347EF100B8DB25 /* AppMonitor */;
		};
		AE4B17F22D34B64C00B8DB25 /* Exceptions for "AppMonitor" folder in "AppMonitor" target */ = {
			isa = PBXFileSystemSynchronizedBuildFileExceptionSet;
			membershipExceptions = (
				Info.plist,
			);
			target = AE4B179C2D347EF100B8DB25 /* AppMonitor */;
		};
/* End PBXFileSystemSynchronizedBuildFileExceptionSet section */

/* Begin PBXFileSystemSynchronizedRootGroup section */
		AE20EB582D481E3400D27B4D /* PPTAReport */ = {
			isa = PBXFileSystemSynchronizedRootGroup;
			exceptions = (
				AE20EB642D481E3400D27B4D /* Exceptions for "PPTAReport" folder in "PPTAReport" target */,
			);
			path = PPTAReport;
			sourceTree = "<group>";
		};
		AE4B176E2D347EA300B8DB25 /* PPTAMinimal */ = {
			isa = PBXFileSystemSynchronizedRootGroup;
			exceptions = (
				8AE0927A2D3EFAF800F1EA5A /* Exceptions for "PPTAMinimal" folder in "PPTAMinimal" target */,
				AE4B17B62D3482D500B8DB25 /* Exceptions for "PPTAMinimal" folder in "AppMonitor" target */,
			);
			path = PPTAMinimal;
			sourceTree = "<group>";
		};
		AE4B177F2D347EA500B8DB25 /* PPTAMinimalTests */ = {
			isa = PBXFileSystemSynchronizedRootGroup;
			path = PPTAMinimalTests;
			sourceTree = "<group>";
		};
		AE4B17892D347EA500B8DB25 /* PPTAMinimalUITests */ = {
			isa = PBXFileSystemSynchronizedRootGroup;
			path = PPTAMinimalUITests;
			sourceTree = "<group>";
		};
		AE4B17A12D347EF100B8DB25 /* AppMonitor */ = {
			isa = PBXFileSystemSynchronizedRootGroup;
			exceptions = (
				AE4B17F22D34B64C00B8DB25 /* Exceptions for "AppMonitor" folder in "AppMonitor" target */,
			);
			path = AppMonitor;
			sourceTree = "<group>";
		};
/* End PBXFileSystemSynchronizedRootGroup section */

/* Begin PBXFrameworksBuildPhase section */
		AE20EB542D481E3400D27B4D /* Frameworks */ = {
			isa = PBXFrameworksBuildPhase;
			buildActionMask = 2147483647;
			files = (
			);
			runOnlyForDeploymentPostprocessing = 0;
		};
		AE4B17692D347EA300B8DB25 /* Frameworks */ = {
			isa = PBXFrameworksBuildPhase;
			buildActionMask = 2147483647;
			files = (
				8A1698EE2D50714000A159CE /* FirebaseAnalytics in Frameworks */,
				8A1698F22D50718D00A159CE /* FirebaseAuthCombine-Community in Frameworks */,
				8AE092782D3EFAAB00F1EA5A /* GoogleSignInSwift in Frameworks */,
				8AE092682D3EE8DB00F1EA5A /* FirebaseAuth in Frameworks */,
				8AE092762D3EFAAB00F1EA5A /* GoogleSignIn in Frameworks */,
				8AE0926A2D3EE8DB00F1EA5A /* FirebaseFirestore in Frameworks */,
				8AA1E25D2D4AC92E004BE02A /* FirebaseCore in Frameworks */,
				8AE0926C2D3EE8DB00F1EA5A /* FirebaseStorage in Frameworks */,
				8A1698F02D50714400A159CE /* FirebaseAnalyticsOnDeviceConversion in Frameworks */,
			);
			runOnlyForDeploymentPostprocessing = 0;
		};
		AE4B17792D347EA500B8DB25 /* Frameworks */ = {
			isa = PBXFrameworksBuildPhase;
			buildActionMask = 2147483647;
			files = (
			);
			runOnlyForDeploymentPostprocessing = 0;
		};
		AE4B17832D347EA500B8DB25 /* Frameworks */ = {
			isa = PBXFrameworksBuildPhase;
			buildActionMask = 2147483647;
			files = (
			);
			runOnlyForDeploymentPostprocessing = 0;
		};
		AE4B179A2D347EF100B8DB25 /* Frameworks */ = {
			isa = PBXFrameworksBuildPhase;
			buildActionMask = 2147483647;
			files = (
				8A1698F82D5072D000A159CE /* FirebaseCore in Frameworks */,
				AE4B17A02D347EF100B8DB25 /* DeviceActivity.framework in Frameworks */,
				8A1698FA2D5072D000A159CE /* FirebaseFirestore in Frameworks */,
				8A1698FC2D50762600A159CE /* FirebaseAuth in Frameworks */,
			);
			runOnlyForDeploymentPostprocessing = 0;
		};
/* End PBXFrameworksBuildPhase section */

/* Begin PBXGroup section */
		AE4B17632D347EA300B8DB25 = {
			isa = PBXGroup;
			children = (
				8AE0927B2D3EFD1F00F1EA5A /* .gitignore */,
				AE4B176E2D347EA300B8DB25 /* PPTAMinimal */,
				AE4B177F2D347EA500B8DB25 /* PPTAMinimalTests */,
				AE4B17892D347EA500B8DB25 /* PPTAMinimalUITests */,
				AE4B17A12D347EF100B8DB25 /* AppMonitor */,
				AE20EB582D481E3400D27B4D /* PPTAReport */,
				AE4B179E2D347EF100B8DB25 /* Frameworks */,
				AE4B176D2D347EA300B8DB25 /* Products */,
			);
			sourceTree = "<group>";
		};
		AE4B176D2D347EA300B8DB25 /* Products */ = {
			isa = PBXGroup;
			children = (
				AE4B176C2D347EA300B8DB25 /* PPTAMinimal.app */,
				AE4B177C2D347EA500B8DB25 /* PPTAMinimalTests.xctest */,
				AE4B17862D347EA500B8DB25 /* PPTAMinimalUITests.xctest */,
				AE4B179D2D347EF100B8DB25 /* AppMonitor.appex */,
				AE20EB572D481E3400D27B4D /* PPTAReport.appex */,
			);
			name = Products;
			sourceTree = "<group>";
		};
		AE4B179E2D347EF100B8DB25 /* Frameworks */ = {
			isa = PBXGroup;
			children = (
				AE4B179F2D347EF100B8DB25 /* DeviceActivity.framework */,
			);
			name = Frameworks;
			sourceTree = "<group>";
		};
/* End PBXGroup section */

/* Begin PBXNativeTarget section */
		AE20EB562D481E3400D27B4D /* PPTAReport */ = {
			isa = PBXNativeTarget;
			buildConfigurationList = AE20EB652D481E3400D27B4D /* Build configuration list for PBXNativeTarget "PPTAReport" */;
			buildPhases = (
				AE20EB532D481E3400D27B4D /* Sources */,
				AE20EB542D481E3400D27B4D /* Frameworks */,
				AE20EB552D481E3400D27B4D /* Resources */,
			);
			buildRules = (
			);
			dependencies = (
			);
			fileSystemSynchronizedGroups = (
				AE20EB582D481E3400D27B4D /* PPTAReport */,
			);
			name = PPTAReport;
			packageProductDependencies = (
			);
			productName = PPTAReport;
			productReference = AE20EB572D481E3400D27B4D /* PPTAReport.appex */;
			productType = "com.apple.product-type.extensionkit-extension";
		};
		AE4B176B2D347EA300B8DB25 /* PPTAMinimal */ = {
			isa = PBXNativeTarget;
			buildConfigurationList = AE4B17902D347EA500B8DB25 /* Build configuration list for PBXNativeTarget "PPTAMinimal" */;
			buildPhases = (
				AE4B17682D347EA300B8DB25 /* Sources */,
				AE4B17692D347EA300B8DB25 /* Frameworks */,
				AE4B176A2D347EA300B8DB25 /* Resources */,
				AE4B17AD2D347EF100B8DB25 /* Embed Foundation Extensions */,
				AE4B17CD2D34869800B8DB25 /* Embed ExtensionKit Extensions */,
			);
			buildRules = (
			);
			dependencies = (
				AE4B17A72D347EF100B8DB25 /* PBXTargetDependency */,
				AE20EB622D481E3400D27B4D /* PBXTargetDependency */,
			);
			fileSystemSynchronizedGroups = (
				AE4B176E2D347EA300B8DB25 /* PPTAMinimal */,
			);
			name = PPTAMinimal;
			packageProductDependencies = (
				8AE092672D3EE8DB00F1EA5A /* FirebaseAuth */,
				8AE092692D3EE8DB00F1EA5A /* FirebaseFirestore */,
				8AE0926B2D3EE8DB00F1EA5A /* FirebaseStorage */,
				8AE092752D3EFAAB00F1EA5A /* GoogleSignIn */,
				8AE092772D3EFAAB00F1EA5A /* GoogleSignInSwift */,
				8AA1E25C2D4AC92E004BE02A /* FirebaseCore */,
				8A1698ED2D50714000A159CE /* FirebaseAnalytics */,
				8A1698EF2D50714400A159CE /* FirebaseAnalyticsOnDeviceConversion */,
				8A1698F12D50718D00A159CE /* FirebaseAuthCombine-Community */,
			);
			productName = PPTAMinimal;
			productReference = AE4B176C2D347EA300B8DB25 /* PPTAMinimal.app */;
			productType = "com.apple.product-type.application";
		};
		AE4B177B2D347EA500B8DB25 /* PPTAMinimalTests */ = {
			isa = PBXNativeTarget;
			buildConfigurationList = AE4B17932D347EA500B8DB25 /* Build configuration list for PBXNativeTarget "PPTAMinimalTests" */;
			buildPhases = (
				AE4B17782D347EA500B8DB25 /* Sources */,
				AE4B17792D347EA500B8DB25 /* Frameworks */,
				AE4B177A2D347EA500B8DB25 /* Resources */,
			);
			buildRules = (
			);
			dependencies = (
				AE4B177E2D347EA500B8DB25 /* PBXTargetDependency */,
			);
			fileSystemSynchronizedGroups = (
				AE4B177F2D347EA500B8DB25 /* PPTAMinimalTests */,
			);
			name = PPTAMinimalTests;
			packageProductDependencies = (
			);
			productName = PPTAMinimalTests;
			productReference = AE4B177C2D347EA500B8DB25 /* PPTAMinimalTests.xctest */;
			productType = "com.apple.product-type.bundle.unit-test";
		};
		AE4B17852D347EA500B8DB25 /* PPTAMinimalUITests */ = {
			isa = PBXNativeTarget;
			buildConfigurationList = AE4B17962D347EA500B8DB25 /* Build configuration list for PBXNativeTarget "PPTAMinimalUITests" */;
			buildPhases = (
				AE4B17822D347EA500B8DB25 /* Sources */,
				AE4B17832D347EA500B8DB25 /* Frameworks */,
				AE4B17842D347EA500B8DB25 /* Resources */,
			);
			buildRules = (
			);
			dependencies = (
				AE4B17882D347EA500B8DB25 /* PBXTargetDependency */,
			);
			fileSystemSynchronizedGroups = (
				AE4B17892D347EA500B8DB25 /* PPTAMinimalUITests */,
			);
			name = PPTAMinimalUITests;
			packageProductDependencies = (
			);
			productName = PPTAMinimalUITests;
			productReference = AE4B17862D347EA500B8DB25 /* PPTAMinimalUITests.xctest */;
			productType = "com.apple.product-type.bundle.ui-testing";
		};
		AE4B179C2D347EF100B8DB25 /* AppMonitor */ = {
			isa = PBXNativeTarget;
			buildConfigurationList = AE4B17AA2D347EF100B8DB25 /* Build configuration list for PBXNativeTarget "AppMonitor" */;
			buildPhases = (
				AE4B17992D347EF100B8DB25 /* Sources */,
				AE4B179A2D347EF100B8DB25 /* Frameworks */,
				AE4B179B2D347EF100B8DB25 /* Resources */,
			);
			buildRules = (
			);
			dependencies = (
			);
			fileSystemSynchronizedGroups = (
				AE4B17A12D347EF100B8DB25 /* AppMonitor */,
			);
			name = AppMonitor;
			packageProductDependencies = (
				8A1698F72D5072D000A159CE /* FirebaseCore */,
				8A1698F92D5072D000A159CE /* FirebaseFirestore */,
				8A1698FB2D50762600A159CE /* FirebaseAuth */,
			);
			productName = AppMonitor;
			productReference = AE4B179D2D347EF100B8DB25 /* AppMonitor.appex */;
			productType = "com.apple.product-type.app-extension";
		};
/* End PBXNativeTarget section */

/* Begin PBXProject section */
		AE4B17642D347EA300B8DB25 /* Project object */ = {
			isa = PBXProject;
			attributes = {
				BuildIndependentTargetsInParallel = 1;
				LastSwiftUpdateCheck = 1620;
				LastUpgradeCheck = 1620;
				TargetAttributes = {
					AE20EB562D481E3400D27B4D = {
						CreatedOnToolsVersion = 16.2;
					};
					AE4B176B2D347EA300B8DB25 = {
						CreatedOnToolsVersion = 16.2;
					};
					AE4B177B2D347EA500B8DB25 = {
						CreatedOnToolsVersion = 16.2;
						TestTargetID = AE4B176B2D347EA300B8DB25;
					};
					AE4B17852D347EA500B8DB25 = {
						CreatedOnToolsVersion = 16.2;
						TestTargetID = AE4B176B2D347EA300B8DB25;
					};
					AE4B179C2D347EF100B8DB25 = {
						CreatedOnToolsVersion = 16.2;
					};
				};
			};
			buildConfigurationList = AE4B17672D347EA300B8DB25 /* Build configuration list for PBXProject "PPTAMinimal" */;
			developmentRegion = en;
			hasScannedForEncodings = 0;
			knownRegions = (
				en,
				Base,
			);
			mainGroup = AE4B17632D347EA300B8DB25;
			minimizedProjectReferenceProxies = 1;
			packageReferences = (
				8AE092662D3EE8DB00F1EA5A /* XCRemoteSwiftPackageReference "firebase-ios-sdk" */,
				8AE092742D3EFAAB00F1EA5A /* XCRemoteSwiftPackageReference "GoogleSignIn-iOS" */,
			);
			preferredProjectObjectVersion = 77;
			productRefGroup = AE4B176D2D347EA300B8DB25 /* Products */;
			projectDirPath = "";
			projectRoot = "";
			targets = (
				AE4B176B2D347EA300B8DB25 /* PPTAMinimal */,
				AE4B177B2D347EA500B8DB25 /* PPTAMinimalTests */,
				AE4B17852D347EA500B8DB25 /* PPTAMinimalUITests */,
				AE4B179C2D347EF100B8DB25 /* AppMonitor */,
				AE20EB562D481E3400D27B4D /* PPTAReport */,
			);
		};
/* End PBXProject section */

/* Begin PBXResourcesBuildPhase section */
		AE20EB552D481E3400D27B4D /* Resources */ = {
			isa = PBXResourcesBuildPhase;
			buildActionMask = 2147483647;
			files = (
			);
			runOnlyForDeploymentPostprocessing = 0;
		};
		AE4B176A2D347EA300B8DB25 /* Resources */ = {
			isa = PBXResourcesBuildPhase;
			buildActionMask = 2147483647;
			files = (
				8AE0927C2D3EFD1F00F1EA5A /* .gitignore in Resources */,
			);
			runOnlyForDeploymentPostprocessing = 0;
		};
		AE4B177A2D347EA500B8DB25 /* Resources */ = {
			isa = PBXResourcesBuildPhase;
			buildActionMask = 2147483647;
			files = (
			);
			runOnlyForDeploymentPostprocessing = 0;
		};
		AE4B17842D347EA500B8DB25 /* Resources */ = {
			isa = PBXResourcesBuildPhase;
			buildActionMask = 2147483647;
			files = (
			);
			runOnlyForDeploymentPostprocessing = 0;
		};
		AE4B179B2D347EF100B8DB25 /* Resources */ = {
			isa = PBXResourcesBuildPhase;
			buildActionMask = 2147483647;
			files = (
			);
			runOnlyForDeploymentPostprocessing = 0;
		};
/* End PBXResourcesBuildPhase section */

/* Begin PBXSourcesBuildPhase section */
		AE20EB532D481E3400D27B4D /* Sources */ = {
			isa = PBXSourcesBuildPhase;
			buildActionMask = 2147483647;
			files = (
			);
			runOnlyForDeploymentPostprocessing = 0;
		};
		AE4B17682D347EA300B8DB25 /* Sources */ = {
			isa = PBXSourcesBuildPhase;
			buildActionMask = 2147483647;
			files = (
			);
			runOnlyForDeploymentPostprocessing = 0;
		};
		AE4B17782D347EA500B8DB25 /* Sources */ = {
			isa = PBXSourcesBuildPhase;
			buildActionMask = 2147483647;
			files = (
			);
			runOnlyForDeploymentPostprocessing = 0;
		};
		AE4B17822D347EA500B8DB25 /* Sources */ = {
			isa = PBXSourcesBuildPhase;
			buildActionMask = 2147483647;
			files = (
			);
			runOnlyForDeploymentPostprocessing = 0;
		};
		AE4B17992D347EF100B8DB25 /* Sources */ = {
			isa = PBXSourcesBuildPhase;
			buildActionMask = 2147483647;
			files = (
			);
			runOnlyForDeploymentPostprocessing = 0;
		};
/* End PBXSourcesBuildPhase section */

/* Begin PBXTargetDependency section */
		AE20EB622D481E3400D27B4D /* PBXTargetDependency */ = {
			isa = PBXTargetDependency;
			target = AE20EB562D481E3400D27B4D /* PPTAReport */;
			targetProxy = AE20EB612D481E3400D27B4D /* PBXContainerItemProxy */;
		};
		AE4B177E2D347EA500B8DB25 /* PBXTargetDependency */ = {
			isa = PBXTargetDependency;
			target = AE4B176B2D347EA300B8DB25 /* PPTAMinimal */;
			targetProxy = AE4B177D2D347EA500B8DB25 /* PBXContainerItemProxy */;
		};
		AE4B17882D347EA500B8DB25 /* PBXTargetDependency */ = {
			isa = PBXTargetDependency;
			target = AE4B176B2D347EA300B8DB25 /* PPTAMinimal */;
			targetProxy = AE4B17872D347EA500B8DB25 /* PBXContainerItemProxy */;
		};
		AE4B17A72D347EF100B8DB25 /* PBXTargetDependency */ = {
			isa = PBXTargetDependency;
			target = AE4B179C2D347EF100B8DB25 /* AppMonitor */;
			targetProxy = AE4B17A62D347EF100B8DB25 /* PBXContainerItemProxy */;
		};
/* End PBXTargetDependency section */

/* Begin XCBuildConfiguration section */
		AE20EB662D481E3400D27B4D /* Debug */ = {
			isa = XCBuildConfiguration;
			buildSettings = {
				CODE_SIGN_ENTITLEMENTS = PPTAReport/PPTAReport.entitlements;
				CODE_SIGN_STYLE = Automatic;
				CURRENT_PROJECT_VERSION = 1;
				DEVELOPMENT_TEAM = FTF69APMQ4;
				GENERATE_INFOPLIST_FILE = YES;
				INFOPLIST_FILE = PPTAReport/Info.plist;
				INFOPLIST_KEY_CFBundleDisplayName = PPTAReport;
				INFOPLIST_KEY_NSHumanReadableCopyright = "";
				IPHONEOS_DEPLOYMENT_TARGET = 17.6;
				LD_RUNPATH_SEARCH_PATHS = (
					"$(inherited)",
					"@executable_path/Frameworks",
					"@executable_path/../../Frameworks",
				);
				MARKETING_VERSION = 1.0;
				PRODUCT_BUNDLE_IDENTIFIER = com.sungbinyun.com.PPTAMinimal.PPTAReport;
				PRODUCT_NAME = "$(TARGET_NAME)";
				SKIP_INSTALL = YES;
				SWIFT_EMIT_LOC_STRINGS = YES;
				SWIFT_VERSION = 5.0;
				TARGETED_DEVICE_FAMILY = "1,2";
			};
			name = Debug;
		};
		AE20EB672D481E3400D27B4D /* Release */ = {
			isa = XCBuildConfiguration;
			buildSettings = {
				CODE_SIGN_ENTITLEMENTS = PPTAReport/PPTAReport.entitlements;
				CODE_SIGN_STYLE = Automatic;
				CURRENT_PROJECT_VERSION = 1;
				DEVELOPMENT_TEAM = FTF69APMQ4;
				GENERATE_INFOPLIST_FILE = YES;
				INFOPLIST_FILE = PPTAReport/Info.plist;
				INFOPLIST_KEY_CFBundleDisplayName = PPTAReport;
				INFOPLIST_KEY_NSHumanReadableCopyright = "";
				IPHONEOS_DEPLOYMENT_TARGET = 17.6;
				LD_RUNPATH_SEARCH_PATHS = (
					"$(inherited)",
					"@executable_path/Frameworks",
					"@executable_path/../../Frameworks",
				);
				MARKETING_VERSION = 1.0;
				PRODUCT_BUNDLE_IDENTIFIER = com.sungbinyun.com.PPTAMinimal.PPTAReport;
				PRODUCT_NAME = "$(TARGET_NAME)";
				SKIP_INSTALL = YES;
				SWIFT_EMIT_LOC_STRINGS = YES;
				SWIFT_VERSION = 5.0;
				TARGETED_DEVICE_FAMILY = "1,2";
			};
			name = Release;
		};
		AE4B178E2D347EA500B8DB25 /* Debug */ = {
			isa = XCBuildConfiguration;
			buildSettings = {
				ALWAYS_SEARCH_USER_PATHS = NO;
				ASSETCATALOG_COMPILER_GENERATE_SWIFT_ASSET_SYMBOL_EXTENSIONS = YES;
				CLANG_ANALYZER_NONNULL = YES;
				CLANG_ANALYZER_NUMBER_OBJECT_CONVERSION = YES_AGGRESSIVE;
				CLANG_CXX_LANGUAGE_STANDARD = "gnu++20";
				CLANG_ENABLE_MODULES = YES;
				CLANG_ENABLE_OBJC_ARC = YES;
				CLANG_ENABLE_OBJC_WEAK = YES;
				CLANG_WARN_BLOCK_CAPTURE_AUTORELEASING = YES;
				CLANG_WARN_BOOL_CONVERSION = YES;
				CLANG_WARN_COMMA = YES;
				CLANG_WARN_CONSTANT_CONVERSION = YES;
				CLANG_WARN_DEPRECATED_OBJC_IMPLEMENTATIONS = YES;
				CLANG_WARN_DIRECT_OBJC_ISA_USAGE = YES_ERROR;
				CLANG_WARN_DOCUMENTATION_COMMENTS = YES;
				CLANG_WARN_EMPTY_BODY = YES;
				CLANG_WARN_ENUM_CONVERSION = YES;
				CLANG_WARN_INFINITE_RECURSION = YES;
				CLANG_WARN_INT_CONVERSION = YES;
				CLANG_WARN_NON_LITERAL_NULL_CONVERSION = YES;
				CLANG_WARN_OBJC_IMPLICIT_RETAIN_SELF = YES;
				CLANG_WARN_OBJC_LITERAL_CONVERSION = YES;
				CLANG_WARN_OBJC_ROOT_CLASS = YES_ERROR;
				CLANG_WARN_QUOTED_INCLUDE_IN_FRAMEWORK_HEADER = YES;
				CLANG_WARN_RANGE_LOOP_ANALYSIS = YES;
				CLANG_WARN_STRICT_PROTOTYPES = YES;
				CLANG_WARN_SUSPICIOUS_MOVE = YES;
				CLANG_WARN_UNGUARDED_AVAILABILITY = YES_AGGRESSIVE;
				CLANG_WARN_UNREACHABLE_CODE = YES;
				CLANG_WARN__DUPLICATE_METHOD_MATCH = YES;
				COPY_PHASE_STRIP = NO;
				DEBUG_INFORMATION_FORMAT = dwarf;
				ENABLE_STRICT_OBJC_MSGSEND = YES;
				ENABLE_TESTABILITY = YES;
				ENABLE_USER_SCRIPT_SANDBOXING = YES;
				GCC_C_LANGUAGE_STANDARD = gnu17;
				GCC_DYNAMIC_NO_PIC = NO;
				GCC_NO_COMMON_BLOCKS = YES;
				GCC_OPTIMIZATION_LEVEL = 0;
				GCC_PREPROCESSOR_DEFINITIONS = (
					"DEBUG=1",
					"$(inherited)",
				);
				GCC_WARN_64_TO_32_BIT_CONVERSION = YES;
				GCC_WARN_ABOUT_RETURN_TYPE = YES_ERROR;
				GCC_WARN_UNDECLARED_SELECTOR = YES;
				GCC_WARN_UNINITIALIZED_AUTOS = YES_AGGRESSIVE;
				GCC_WARN_UNUSED_FUNCTION = YES;
				GCC_WARN_UNUSED_VARIABLE = YES;
				IPHONEOS_DEPLOYMENT_TARGET = 18.2;
				LOCALIZATION_PREFERS_STRING_CATALOGS = YES;
				MTL_ENABLE_DEBUG_INFO = INCLUDE_SOURCE;
				MTL_FAST_MATH = YES;
				ONLY_ACTIVE_ARCH = YES;
				SDKROOT = iphoneos;
				SWIFT_ACTIVE_COMPILATION_CONDITIONS = "DEBUG $(inherited)";
				SWIFT_OPTIMIZATION_LEVEL = "-Onone";
			};
			name = Debug;
		};
		AE4B178F2D347EA500B8DB25 /* Release */ = {
			isa = XCBuildConfiguration;
			buildSettings = {
				ALWAYS_SEARCH_USER_PATHS = NO;
				ASSETCATALOG_COMPILER_GENERATE_SWIFT_ASSET_SYMBOL_EXTENSIONS = YES;
				CLANG_ANALYZER_NONNULL = YES;
				CLANG_ANALYZER_NUMBER_OBJECT_CONVERSION = YES_AGGRESSIVE;
				CLANG_CXX_LANGUAGE_STANDARD = "gnu++20";
				CLANG_ENABLE_MODULES = YES;
				CLANG_ENABLE_OBJC_ARC = YES;
				CLANG_ENABLE_OBJC_WEAK = YES;
				CLANG_WARN_BLOCK_CAPTURE_AUTORELEASING = YES;
				CLANG_WARN_BOOL_CONVERSION = YES;
				CLANG_WARN_COMMA = YES;
				CLANG_WARN_CONSTANT_CONVERSION = YES;
				CLANG_WARN_DEPRECATED_OBJC_IMPLEMENTATIONS = YES;
				CLANG_WARN_DIRECT_OBJC_ISA_USAGE = YES_ERROR;
				CLANG_WARN_DOCUMENTATION_COMMENTS = YES;
				CLANG_WARN_EMPTY_BODY = YES;
				CLANG_WARN_ENUM_CONVERSION = YES;
				CLANG_WARN_INFINITE_RECURSION = YES;
				CLANG_WARN_INT_CONVERSION = YES;
				CLANG_WARN_NON_LITERAL_NULL_CONVERSION = YES;
				CLANG_WARN_OBJC_IMPLICIT_RETAIN_SELF = YES;
				CLANG_WARN_OBJC_LITERAL_CONVERSION = YES;
				CLANG_WARN_OBJC_ROOT_CLASS = YES_ERROR;
				CLANG_WARN_QUOTED_INCLUDE_IN_FRAMEWORK_HEADER = YES;
				CLANG_WARN_RANGE_LOOP_ANALYSIS = YES;
				CLANG_WARN_STRICT_PROTOTYPES = YES;
				CLANG_WARN_SUSPICIOUS_MOVE = YES;
				CLANG_WARN_UNGUARDED_AVAILABILITY = YES_AGGRESSIVE;
				CLANG_WARN_UNREACHABLE_CODE = YES;
				CLANG_WARN__DUPLICATE_METHOD_MATCH = YES;
				COPY_PHASE_STRIP = NO;
				DEBUG_INFORMATION_FORMAT = "dwarf-with-dsym";
				ENABLE_NS_ASSERTIONS = NO;
				ENABLE_STRICT_OBJC_MSGSEND = YES;
				ENABLE_USER_SCRIPT_SANDBOXING = YES;
				GCC_C_LANGUAGE_STANDARD = gnu17;
				GCC_NO_COMMON_BLOCKS = YES;
				GCC_WARN_64_TO_32_BIT_CONVERSION = YES;
				GCC_WARN_ABOUT_RETURN_TYPE = YES_ERROR;
				GCC_WARN_UNDECLARED_SELECTOR = YES;
				GCC_WARN_UNINITIALIZED_AUTOS = YES_AGGRESSIVE;
				GCC_WARN_UNUSED_FUNCTION = YES;
				GCC_WARN_UNUSED_VARIABLE = YES;
				IPHONEOS_DEPLOYMENT_TARGET = 18.2;
				LOCALIZATION_PREFERS_STRING_CATALOGS = YES;
				MTL_ENABLE_DEBUG_INFO = NO;
				MTL_FAST_MATH = YES;
				SDKROOT = iphoneos;
				SWIFT_COMPILATION_MODE = wholemodule;
				VALIDATE_PRODUCT = YES;
			};
			name = Release;
		};
		AE4B17912D347EA500B8DB25 /* Debug */ = {
			isa = XCBuildConfiguration;
			buildSettings = {
				ASSETCATALOG_COMPILER_APPICON_NAME = AppIcon;
				ASSETCATALOG_COMPILER_GLOBAL_ACCENT_COLOR_NAME = AccentColor;
				CODE_SIGN_ENTITLEMENTS = PPTAMinimal/PPTAMinimal.entitlements;
				CODE_SIGN_STYLE = Automatic;
				CURRENT_PROJECT_VERSION = 1;
				DEVELOPMENT_ASSET_PATHS = "\"PPTAMinimal/Preview Content\"";
				DEVELOPMENT_TEAM = FTF69APMQ4;
				ENABLE_PREVIEWS = YES;
				GENERATE_INFOPLIST_FILE = YES;
				INFOPLIST_FILE = PPTAMinimal/Info.plist;
				INFOPLIST_KEY_NSContactsUsageDescription = "We need access to the user's contacts in order to select peer coaches";
				INFOPLIST_KEY_UIApplicationSceneManifest_Generation = YES;
				INFOPLIST_KEY_UIApplicationSupportsIndirectInputEvents = YES;
				INFOPLIST_KEY_UILaunchScreen_Generation = YES;
				INFOPLIST_KEY_UISupportedInterfaceOrientations_iPad = "UIInterfaceOrientationPortrait UIInterfaceOrientationPortraitUpsideDown UIInterfaceOrientationLandscapeLeft UIInterfaceOrientationLandscapeRight";
				INFOPLIST_KEY_UISupportedInterfaceOrientations_iPhone = "UIInterfaceOrientationPortrait UIInterfaceOrientationLandscapeLeft UIInterfaceOrientationLandscapeRight";
				IPHONEOS_DEPLOYMENT_TARGET = 17.6;
				LD_RUNPATH_SEARCH_PATHS = (
					"$(inherited)",
					"@executable_path/Frameworks",
				);
				MARKETING_VERSION = 1.0;
				PRODUCT_BUNDLE_IDENTIFIER = com.sungbinyun.com.PPTAMinimal;
				PRODUCT_NAME = "$(TARGET_NAME)";
				SWIFT_EMIT_LOC_STRINGS = YES;
				SWIFT_VERSION = 5.0;
				TARGETED_DEVICE_FAMILY = "1,2";
			};
			name = Debug;
		};
		AE4B17922D347EA500B8DB25 /* Release */ = {
			isa = XCBuildConfiguration;
			buildSettings = {
				ASSETCATALOG_COMPILER_APPICON_NAME = AppIcon;
				ASSETCATALOG_COMPILER_GLOBAL_ACCENT_COLOR_NAME = AccentColor;
				CODE_SIGN_ENTITLEMENTS = PPTAMinimal/PPTAMinimal.entitlements;
				CODE_SIGN_STYLE = Automatic;
				CURRENT_PROJECT_VERSION = 1;
				DEVELOPMENT_ASSET_PATHS = "\"PPTAMinimal/Preview Content\"";
				DEVELOPMENT_TEAM = FTF69APMQ4;
				ENABLE_PREVIEWS = YES;
				GENERATE_INFOPLIST_FILE = YES;
				INFOPLIST_FILE = PPTAMinimal/Info.plist;
				INFOPLIST_KEY_NSContactsUsageDescription = "We need access to the user's contacts in order to select peer coaches";
				INFOPLIST_KEY_UIApplicationSceneManifest_Generation = YES;
				INFOPLIST_KEY_UIApplicationSupportsIndirectInputEvents = YES;
				INFOPLIST_KEY_UILaunchScreen_Generation = YES;
				INFOPLIST_KEY_UISupportedInterfaceOrientations_iPad = "UIInterfaceOrientationPortrait UIInterfaceOrientationPortraitUpsideDown UIInterfaceOrientationLandscapeLeft UIInterfaceOrientationLandscapeRight";
				INFOPLIST_KEY_UISupportedInterfaceOrientations_iPhone = "UIInterfaceOrientationPortrait UIInterfaceOrientationLandscapeLeft UIInterfaceOrientationLandscapeRight";
				IPHONEOS_DEPLOYMENT_TARGET = 17.6;
				LD_RUNPATH_SEARCH_PATHS = (
					"$(inherited)",
					"@executable_path/Frameworks",
				);
				MARKETING_VERSION = 1.0;
				PRODUCT_BUNDLE_IDENTIFIER = com.sungbinyun.com.PPTAMinimal;
				PRODUCT_NAME = "$(TARGET_NAME)";
				SWIFT_EMIT_LOC_STRINGS = YES;
				SWIFT_VERSION = 5.0;
				TARGETED_DEVICE_FAMILY = "1,2";
			};
			name = Release;
		};
		AE4B17942D347EA500B8DB25 /* Debug */ = {
			isa = XCBuildConfiguration;
			buildSettings = {
				BUNDLE_LOADER = "$(TEST_HOST)";
				CODE_SIGN_STYLE = Automatic;
				CURRENT_PROJECT_VERSION = 1;
				DEVELOPMENT_TEAM = FTF69APMQ4;
				GENERATE_INFOPLIST_FILE = YES;
				IPHONEOS_DEPLOYMENT_TARGET = 18.2;
				MARKETING_VERSION = 1.0;
				PRODUCT_BUNDLE_IDENTIFIER = com.sungbinyun.com.PPTAMinimalTests;
				PRODUCT_NAME = "$(TARGET_NAME)";
				SWIFT_EMIT_LOC_STRINGS = NO;
				SWIFT_VERSION = 5.0;
				TARGETED_DEVICE_FAMILY = "1,2";
				TEST_HOST = "$(BUILT_PRODUCTS_DIR)/PPTAMinimal.app/$(BUNDLE_EXECUTABLE_FOLDER_PATH)/PPTAMinimal";
			};
			name = Debug;
		};
		AE4B17952D347EA500B8DB25 /* Release */ = {
			isa = XCBuildConfiguration;
			buildSettings = {
				BUNDLE_LOADER = "$(TEST_HOST)";
				CODE_SIGN_STYLE = Automatic;
				CURRENT_PROJECT_VERSION = 1;
				DEVELOPMENT_TEAM = FTF69APMQ4;
				GENERATE_INFOPLIST_FILE = YES;
				IPHONEOS_DEPLOYMENT_TARGET = 18.2;
				MARKETING_VERSION = 1.0;
				PRODUCT_BUNDLE_IDENTIFIER = com.sungbinyun.com.PPTAMinimalTests;
				PRODUCT_NAME = "$(TARGET_NAME)";
				SWIFT_EMIT_LOC_STRINGS = NO;
				SWIFT_VERSION = 5.0;
				TARGETED_DEVICE_FAMILY = "1,2";
				TEST_HOST = "$(BUILT_PRODUCTS_DIR)/PPTAMinimal.app/$(BUNDLE_EXECUTABLE_FOLDER_PATH)/PPTAMinimal";
			};
			name = Release;
		};
		AE4B17972D347EA500B8DB25 /* Debug */ = {
			isa = XCBuildConfiguration;
			buildSettings = {
				CODE_SIGN_STYLE = Automatic;
				CURRENT_PROJECT_VERSION = 1;
				DEVELOPMENT_TEAM = FTF69APMQ4;
				GENERATE_INFOPLIST_FILE = YES;
				MARKETING_VERSION = 1.0;
				PRODUCT_BUNDLE_IDENTIFIER = com.sungbinyun.com.PPTAMinimalUITests;
				PRODUCT_NAME = "$(TARGET_NAME)";
				SWIFT_EMIT_LOC_STRINGS = NO;
				SWIFT_VERSION = 5.0;
				TARGETED_DEVICE_FAMILY = "1,2";
				TEST_TARGET_NAME = PPTAMinimal;
			};
			name = Debug;
		};
		AE4B17982D347EA500B8DB25 /* Release */ = {
			isa = XCBuildConfiguration;
			buildSettings = {
				CODE_SIGN_STYLE = Automatic;
				CURRENT_PROJECT_VERSION = 1;
				DEVELOPMENT_TEAM = FTF69APMQ4;
				GENERATE_INFOPLIST_FILE = YES;
				MARKETING_VERSION = 1.0;
				PRODUCT_BUNDLE_IDENTIFIER = com.sungbinyun.com.PPTAMinimalUITests;
				PRODUCT_NAME = "$(TARGET_NAME)";
				SWIFT_EMIT_LOC_STRINGS = NO;
				SWIFT_VERSION = 5.0;
				TARGETED_DEVICE_FAMILY = "1,2";
				TEST_TARGET_NAME = PPTAMinimal;
			};
			name = Release;
		};
		AE4B17AB2D347EF100B8DB25 /* Debug */ = {
			isa = XCBuildConfiguration;
			buildSettings = {
				CODE_SIGN_ENTITLEMENTS = AppMonitor/AppMonitor.entitlements;
				CODE_SIGN_STYLE = Automatic;
				CURRENT_PROJECT_VERSION = 1;
				DEVELOPMENT_TEAM = FTF69APMQ4;
				GENERATE_INFOPLIST_FILE = YES;
				INFOPLIST_FILE = AppMonitor/Info.plist;
				INFOPLIST_KEY_CFBundleDisplayName = AppMonitor;
				INFOPLIST_KEY_NSHumanReadableCopyright = "";
				IPHONEOS_DEPLOYMENT_TARGET = 17.6;
				LD_RUNPATH_SEARCH_PATHS = (
					"$(inherited)",
					"@executable_path/Frameworks",
					"@executable_path/../../Frameworks",
				);
				MARKETING_VERSION = 1.0;
				PRODUCT_BUNDLE_IDENTIFIER = com.sungbinyun.com.PPTAMinimal.AppMonitor;
				PRODUCT_NAME = "$(TARGET_NAME)";
				SKIP_INSTALL = YES;
				SWIFT_EMIT_LOC_STRINGS = YES;
				SWIFT_VERSION = 5.0;
				TARGETED_DEVICE_FAMILY = "1,2";
			};
			name = Debug;
		};
		AE4B17AC2D347EF100B8DB25 /* Release */ = {
			isa = XCBuildConfiguration;
			buildSettings = {
				CODE_SIGN_ENTITLEMENTS = AppMonitor/AppMonitor.entitlements;
				CODE_SIGN_STYLE = Automatic;
				CURRENT_PROJECT_VERSION = 1;
				DEVELOPMENT_TEAM = FTF69APMQ4;
				GENERATE_INFOPLIST_FILE = YES;
				INFOPLIST_FILE = AppMonitor/Info.plist;
				INFOPLIST_KEY_CFBundleDisplayName = AppMonitor;
				INFOPLIST_KEY_NSHumanReadableCopyright = "";
				IPHONEOS_DEPLOYMENT_TARGET = 17.6;
				LD_RUNPATH_SEARCH_PATHS = (
					"$(inherited)",
					"@executable_path/Frameworks",
					"@executable_path/../../Frameworks",
				);
				MARKETING_VERSION = 1.0;
				PRODUCT_BUNDLE_IDENTIFIER = com.sungbinyun.com.PPTAMinimal.AppMonitor;
				PRODUCT_NAME = "$(TARGET_NAME)";
				SKIP_INSTALL = YES;
				SWIFT_EMIT_LOC_STRINGS = YES;
				SWIFT_VERSION = 5.0;
				TARGETED_DEVICE_FAMILY = "1,2";
			};
			name = Release;
		};
/* End XCBuildConfiguration section */

/* Begin XCConfigurationList section */
		AE20EB652D481E3400D27B4D /* Build configuration list for PBXNativeTarget "PPTAReport" */ = {
			isa = XCConfigurationList;
			buildConfigurations = (
				AE20EB662D481E3400D27B4D /* Debug */,
				AE20EB672D481E3400D27B4D /* Release */,
			);
			defaultConfigurationIsVisible = 0;
			defaultConfigurationName = Release;
		};
		AE4B17672D347EA300B8DB25 /* Build configuration list for PBXProject "PPTAMinimal" */ = {
			isa = XCConfigurationList;
			buildConfigurations = (
				AE4B178E2D347EA500B8DB25 /* Debug */,
				AE4B178F2D347EA500B8DB25 /* Release */,
			);
			defaultConfigurationIsVisible = 0;
			defaultConfigurationName = Release;
		};
		AE4B17902D347EA500B8DB25 /* Build configuration list for PBXNativeTarget "PPTAMinimal" */ = {
			isa = XCConfigurationList;
			buildConfigurations = (
				AE4B17912D347EA500B8DB25 /* Debug */,
				AE4B17922D347EA500B8DB25 /* Release */,
			);
			defaultConfigurationIsVisible = 0;
			defaultConfigurationName = Release;
		};
		AE4B17932D347EA500B8DB25 /* Build configuration list for PBXNativeTarget "PPTAMinimalTests" */ = {
			isa = XCConfigurationList;
			buildConfigurations = (
				AE4B17942D347EA500B8DB25 /* Debug */,
				AE4B17952D347EA500B8DB25 /* Release */,
			);
			defaultConfigurationIsVisible = 0;
			defaultConfigurationName = Release;
		};
		AE4B17962D347EA500B8DB25 /* Build configuration list for PBXNativeTarget "PPTAMinimalUITests" */ = {
			isa = XCConfigurationList;
			buildConfigurations = (
				AE4B17972D347EA500B8DB25 /* Debug */,
				AE4B17982D347EA500B8DB25 /* Release */,
			);
			defaultConfigurationIsVisible = 0;
			defaultConfigurationName = Release;
		};
		AE4B17AA2D347EF100B8DB25 /* Build configuration list for PBXNativeTarget "AppMonitor" */ = {
			isa = XCConfigurationList;
			buildConfigurations = (
				AE4B17AB2D347EF100B8DB25 /* Debug */,
				AE4B17AC2D347EF100B8DB25 /* Release */,
			);
			defaultConfigurationIsVisible = 0;
			defaultConfigurationName = Release;
		};
/* End XCConfigurationList section */

/* Begin XCRemoteSwiftPackageReference section */
		8AE092662D3EE8DB00F1EA5A /* XCRemoteSwiftPackageReference "firebase-ios-sdk" */ = {
			isa = XCRemoteSwiftPackageReference;
			repositoryURL = "https://github.com/firebase/firebase-ios-sdk";
			requirement = {
				kind = upToNextMajorVersion;
				minimumVersion = 11.7.0;
			};
		};
		8AE092742D3EFAAB00F1EA5A /* XCRemoteSwiftPackageReference "GoogleSignIn-iOS" */ = {
			isa = XCRemoteSwiftPackageReference;
			repositoryURL = "https://github.com/google/GoogleSignIn-iOS";
			requirement = {
				kind = upToNextMajorVersion;
				minimumVersion = 8.0.0;
			};
		};
/* End XCRemoteSwiftPackageReference section */

/* Begin XCSwiftPackageProductDependency section */
		8A1698ED2D50714000A159CE /* FirebaseAnalytics */ = {
			isa = XCSwiftPackageProductDependency;
			package = 8AE092662D3EE8DB00F1EA5A /* XCRemoteSwiftPackageReference "firebase-ios-sdk" */;
			productName = FirebaseAnalytics;
		};
		8A1698EF2D50714400A159CE /* FirebaseAnalyticsOnDeviceConversion */ = {
			isa = XCSwiftPackageProductDependency;
			package = 8AE092662D3EE8DB00F1EA5A /* XCRemoteSwiftPackageReference "firebase-ios-sdk" */;
			productName = FirebaseAnalyticsOnDeviceConversion;
		};
		8A1698F12D50718D00A159CE /* FirebaseAuthCombine-Community */ = {
			isa = XCSwiftPackageProductDependency;
			package = 8AE092662D3EE8DB00F1EA5A /* XCRemoteSwiftPackageReference "firebase-ios-sdk" */;
			productName = "FirebaseAuthCombine-Community";
		};
		8A1698F72D5072D000A159CE /* FirebaseCore */ = {
			isa = XCSwiftPackageProductDependency;
			package = 8AE092662D3EE8DB00F1EA5A /* XCRemoteSwiftPackageReference "firebase-ios-sdk" */;
			productName = FirebaseCore;
		};
		8A1698F92D5072D000A159CE /* FirebaseFirestore */ = {
			isa = XCSwiftPackageProductDependency;
			package = 8AE092662D3EE8DB00F1EA5A /* XCRemoteSwiftPackageReference "firebase-ios-sdk" */;
			productName = FirebaseFirestore;
		};
		8A1698FB2D50762600A159CE /* FirebaseAuth */ = {
			isa = XCSwiftPackageProductDependency;
			package = 8AE092662D3EE8DB00F1EA5A /* XCRemoteSwiftPackageReference "firebase-ios-sdk" */;
			productName = FirebaseAuth;
		};
		8AA1E25C2D4AC92E004BE02A /* FirebaseCore */ = {
			isa = XCSwiftPackageProductDependency;
			package = 8AE092662D3EE8DB00F1EA5A /* XCRemoteSwiftPackageReference "firebase-ios-sdk" */;
			productName = FirebaseCore;
		};
		8AE092672D3EE8DB00F1EA5A /* FirebaseAuth */ = {
			isa = XCSwiftPackageProductDependency;
			package = 8AE092662D3EE8DB00F1EA5A /* XCRemoteSwiftPackageReference "firebase-ios-sdk" */;
			productName = FirebaseAuth;
		};
		8AE092692D3EE8DB00F1EA5A /* FirebaseFirestore */ = {
			isa = XCSwiftPackageProductDependency;
			package = 8AE092662D3EE8DB00F1EA5A /* XCRemoteSwiftPackageReference "firebase-ios-sdk" */;
			productName = FirebaseFirestore;
		};
		8AE0926B2D3EE8DB00F1EA5A /* FirebaseStorage */ = {
			isa = XCSwiftPackageProductDependency;
			package = 8AE092662D3EE8DB00F1EA5A /* XCRemoteSwiftPackageReference "firebase-ios-sdk" */;
			productName = FirebaseStorage;
		};
		8AE092752D3EFAAB00F1EA5A /* GoogleSignIn */ = {
			isa = XCSwiftPackageProductDependency;
			package = 8AE092742D3EFAAB00F1EA5A /* XCRemoteSwiftPackageReference "GoogleSignIn-iOS" */;
			productName = GoogleSignIn;
		};
		8AE092772D3EFAAB00F1EA5A /* GoogleSignInSwift */ = {
			isa = XCSwiftPackageProductDependency;
			package = 8AE092742D3EFAAB00F1EA5A /* XCRemoteSwiftPackageReference "GoogleSignIn-iOS" */;
			productName = GoogleSignInSwift;
		};
/* End XCSwiftPackageProductDependency section */
	};
	rootObject = AE4B17642D347EA300B8DB25 /* Project object */;
}
